
Microsoft Visual Studio Solution File, Format Version 12.00
# Visual Studio Version 17
VisualStudioVersion = 17.10.34928.147
MinimumVisualStudioVersion = 10.0.40219.1
Project("{9A19103F-16F7-4668-BE54-9A1E7A4F7556}") = "LimparEmail", "LimparEmail\LimparEmail.csproj", "{AFCD180B-4ECF-4D28-A384-DC78DCE220EC}"
EndProject
Global
	GlobalSection(SolutionConfigurationPlatforms) = preSolution
		Debug|Any CPU = Debug|Any CPU
		Release|Any CPU = Release|Any CPU
	EndGlobalSection
	GlobalSection(ProjectConfigurationPlatforms) = postSolution
		{AFCD180B-4ECF-4D28-A384-DC78DCE220EC}.Debug|Any CPU.ActiveCfg = Debug|Any CPU
		{AFCD180B-4ECF-4D28-A384-DC78DCE220EC}.Debug|Any CPU.Build.0 = Debug|Any CPU
		{AFCD180B-4ECF-4D28-A384-DC78DCE220EC}.Release|Any CPU.ActiveCfg = Release|Any CPU
		{AFCD180B-4ECF-4D28-A384-DC78DCE220EC}.Release|Any CPU.Build.0 = Release|Any CPU
	EndGlobalSection
	GlobalSection(SolutionProperties) = preSolution
		HideSolutionNode = FALSE
	EndGlobalSection
	GlobalSection(ExtensibilityGlobals) = postSolution
		SolutionGuid = {BBBDE15D-554C-4FD8-A377-1CFF6EFAD2F8}
	EndGlobalSection
EndGlobal
